
Microsoft Visual Studio Solution File, Format Version 12.00
# Visual Studio Version 16
VisualStudioVersion = 16.0.31605.320
MinimumVisualStudioVersion = 10.0.40219.1
Project("{8BC9CEB8-8B4A-11D0-8D11-00A0C91BC942}") = "FishBot", "FishBot.vcxproj", "{DAA63B37-2821-44B2-9208-B5BAA8917901}"
EndProject
Global
	GlobalSection(SolutionConfigurationPlatforms) = preSolution
		Debug|x64 = Debug|x64
		Debug|x86 = Debug|x86
		Release|x64 = Release|x64
		Release|x86 = Release|x86
	EndGlobalSection
	GlobalSection(ProjectConfigurationPlatforms) = postSolution
		{DAA63B37-2821-44B2-9208-B5BAA8917901}.Debug|x64.ActiveCfg = Debug|x64
		{DAA63B37-2821-44B2-9208-B5BAA8917901}.Debug|x64.Build.0 = Debug|x64
		{DAA63B37-2821-44B2-9208-B5BAA8917901}.Debug|x86.ActiveCfg = Debug|Win32
		{DAA63B37-2821-44B2-9208-B5BAA8917901}.Debug|x86.Build.0 = Debug|Win32
		{DAA63B37-2821-44B2-9208-B5BAA8917901}.Release|x64.ActiveCfg = Release|x64
		{DAA63B37-2821-44B2-9208-B5BAA8917901}.Release|x64.Build.0 = Release|x64
		{DAA63B37-2821-44B2-9208-B5BAA8917901}.Release|x86.ActiveCfg = Release|Win32
		{DAA63B37-2821-44B2-9208-B5BAA8917901}.Release|x86.Build.0 = Release|Win32
	EndGlobalSection
	GlobalSection(SolutionProperties) = preSolution
		HideSolutionNode = FALSE
	EndGlobalSection
	GlobalSection(ExtensibilityGlobals) = postSolution
		SolutionGuid = {04C27088-8F25-49CB-907A-AB8FDE792376}
	EndGlobalSection
EndGlobal
